[container]
image = "docker.io/library/archlinux@sha256:fed6efe803e79d94544f93607e4afec1056cfd9bee5744c965eec0944624d81f"

[[package]]
name = "attr"
version = "2.5.2-1"
system = "archlinux"
url = "https://archive.archlinux.org/packages/a/attr/attr-2.5.2-1-x86_64.pkg.tar.zst"
sha256 = "83bcd58b066492f1242be41fa3f5750586d9eb7d8424a776e9fd6a8c5a496948"
signature = "iHUEABYKAB0WIQQEKYl95fO9rFN6MGltQr3RFuAGjwUCZaP21gAKCRBtQr3RFuAGj8y5AQCaOUvsIghysJkhZlU797Dz815O1cWX0YNQeSBCn6QE0AD/a3Z4/1GcW2JezglbL9v0rNE7mNytLrQBP7yNqENCnAo="

[[package]]
name = "binutils"
version = "2.41-3"
system = "archlinux"
url = "https://archive.archlinux.org/packages/b/binutils/binutils-2.41-3-x86_64.pkg.tar.zst"
sha256 = "b921c57f7847a3daa4025c961cfa573f1f5244e9f84e673edba4fc4fbfd09a70"
signature = "iNUEABYKAH0WIQQFx3danouXdAf+COadTFqhVCbaCgUCZM0fcl8UgAAAAAAuAChpc3N1ZXItZnByQG5vdGF0aW9ucy5vcGVucGdwLmZpZnRoaG9yc2VtYW4ubmV0MDVDNzc3NUE5RThCOTc3NDA3RkUwOEU2OUQ0QzVBQTE1NDI2REEwQQAKCRCdTFqhVCbaCjWSAP90OJtRaSrRM6tQAaNseK66rjp/UNeexmEGKk3hVSAHOQEApYk913azGyXlSJCDu6NpPJXII1BcBnuR/62p4KpSuwU="

[[package]]
name = "dbus"
version = "1.14.10-2"
system = "archlinux"
url = "https://archive.archlinux.org/packages/d/dbus/dbus-1.14.10-2-x86_64.pkg.tar.zst"
sha256 = "28b519535496a8c8b7885fb2d4c089ca98e34250dfc468aad2267c639026f219"
signature = "iHUEABYKAB0WIQSDvIiJNRtd67toQW64rAhgDxCM3wUCZZgthAAKCRC4rAhgDxCM3yhuAPwMUdKUvYRn37eie+795AQm31mtvDnHaTUVCkGkU9DDiAD/dAY42tVWk6wFxr+oGZ/LLD5LGcSSV1ch4bp4VsE7yw4="

[[package]]
name = "dbus-broker"
version = "35-2"
system = "archlinux"
url = "https://archive.archlinux.org/packages/d/dbus-broker/dbus-broker-35-2-x86_64.pkg.tar.zst"
sha256 = "0437260541a6e36aa15b6602aabf2e50b4c6a8d2a03e82bd34e948dfdf053cb8"
signature = "iHUEABYKAB0WIQSDvIiJNRtd67toQW64rAhgDxCM3wUCZZgtjAAKCRC4rAhgDxCM3wG2AP9yyHf10ErfW5U50ZwkrtONeY2dDXZ0xApxqDW1vzcnTQEA8g0M82MrVAFe/jXLPGw2GPdAc6RLZarDiJQAgCuDvg0="

[[package]]
name = "dbus-broker-units"
version = "35-2"
system = "archlinux"
url = "https://archive.archlinux.org/packages/d/dbus-broker-units/dbus-broker-units-35-2-x86_64.pkg.tar.zst"
sha256 = "0d7810c68f3313651a647bdd025615608d1063dec923fb13aea3fc081b216cfa"
signature = "iHUEABYKAB0WIQSDvIiJNRtd67toQW64rAhgDxCM3wUCZZgtjQAKCRC4rAhgDxCM36QyAQCMZ5KKMmM+FC2bZYbGp1eUOMQz0GH+v0xFtPNsxGjVtgD/XQ8bPvUmXvGMWHg70vjDbdr9jO8Trg3/zLVhIkhBHQU="

[[package]]
name = "device-mapper"
version = "2.03.23-1"
system = "archlinux"
url = "https://archive.archlinux.org/packages/d/device-mapper/device-mapper-2.03.23-1-x86_64.pkg.tar.zst"
sha256 = "4e3028f09f9dd9d9f9509246b54996dcb0a3dff52091fd975718ad48dc76a723"
signature = "iHUEABYKAB0WIQQEKYl95fO9rFN6MGltQr3RFuAGjwUCZZ6EPAAKCRBtQr3RFuAGj/sSAQCFuPLhgKRJJf6uCOMt+/xraxiZqN3oV04HfO2OETRxkQEAz/6gtU/CnvhBtdkNwBZDnR7TswPbOWrNlbmpW4uWfAA="

[[package]]
name = "gc"
version = "8.2.4-1"
system = "archlinux"
url = "https://archive.archlinux.org/packages/g/gc/gc-8.2.4-1-x86_64.pkg.tar.zst"
sha256 = "08da155927714ae799c9c5ec7c574f4e88a85b47873d2613a0afe35c635aa8cc"
signature = "iNUEABYKAH0WIQQFx3danouXdAf+COadTFqhVCbaCgUCZHH0pV8UgAAAAAAuAChpc3N1ZXItZnByQG5vdGF0aW9ucy5vcGVucGdwLmZpZnRoaG9yc2VtYW4ubmV0MDVDNzc3NUE5RThCOTc3NDA3RkUwOEU2OUQ0QzVBQTE1NDI2REEwQQAKCRCdTFqhVCbaCpMFAQDS7j8y2YPGnIuUh9OJkh3PE5EjNpRhLmcOHlMkQe/bFwEAmBv3KFkpYFqtKwLLs+Xe66WOGMZKvWMeZv08dB93SQw="

[[package]]
name = "gcc"
version = "13.2.1-3"
system = "archlinux"
url = "https://archive.archlinux.org/packages/g/gcc/gcc-13.2.1-3-x86_64.pkg.tar.zst"
sha256 = "c28a0e0c90a9f2c946b0e3c969742eb872229bb352c44e943e6aa101f60c7d04"
signature = "iNUEABYKAH0WIQQFx3danouXdAf+COadTFqhVCbaCgUCZMoUtF8UgAAAAAAuAChpc3N1ZXItZnByQG5vdGF0aW9ucy5vcGVucGdwLmZpZnRoaG9yc2VtYW4ubmV0MDVDNzc3NUE5RThCOTc3NDA3RkUwOEU2OUQ0QzVBQTE1NDI2REEwQQAKCRCdTFqhVCbaCouZAP0YU8C2MiqVEgJF2sJUVBTjphdU5qfPLTH4wTfrqYaJ6wEAiFydzaI9ORiQYQ9Y4SH6aHBD6S4BN+gnm0FjDCWMxgk="

[[package]]
name = "guile"
version = "3.0.9-1"
system = "archlinux"
url = "https://archive.archlinux.org/packages/g/guile/guile-3.0.9-1-x86_64.pkg.tar.zst"
sha256 = "1c17a7b5c3c9c6ca580c76b36080603587bd2dc39a2c3cb0f07d755da05126ab"
signature = "iNUEABYKAH0WIQQFx3danouXdAf+COadTFqhVCbaCgUCY9Gy3F8UgAAAAAAuAChpc3N1ZXItZnByQG5vdGF0aW9ucy5vcGVucGdwLmZpZnRoaG9yc2VtYW4ubmV0MDVDNzc3NUE5RThCOTc3NDA3RkUwOEU2OUQ0QzVBQTE1NDI2REEwQQAKCRCdTFqhVCbaCt5aAQDMcoBQsIEeLWacejGD+7TLT6F3Nu1Q3KDaNAZojqkwmQEAsvIVi/edva/VSJY9fHvmrcdV7jJrRjqglpWinxuWPQI="

[[package]]
name = "hwdata"
version = "0.378-1"
system = "archlinux"
url = "https://archive.archlinux.org/packages/h/hwdata/hwdata-0.378-1-any.pkg.tar.zst"
sha256 = "7d09c7fbf072f8ff245e20cb1017090eac028e5dc7b99eea5d81030794a693eb"
signature = "iQEzBAABCAAdFiEEW34/txt/EDKaHAOrdx32Yn7faB8FAmWYVVMACgkQdx32Yn7faB/6IwgAssPG6dIMA4vBZEJFRxoypW7UuHP5IrFnahHhg+OxbLj1Ar/PdPLkk3YfUTQQhlNJzXHR+eg5rq4Vse76cTSz+Y2LN0Rv99WlNaqXPB0dLHvHcpZUwqlKN4eUIrW+u37MNSrt8iITo8FkwV5YKrvRSLEppIV9CLi1JlMIKPzjbEy71znyO+8R61YnYV9VfeU933o/utADVwClkiuAB3IaoR/PJGJp0IeYP210l7+ZYBLYijqajKhrCLLAzCCI0KVgQLXrQclhfF4Y3ShwBtRcxsql+OP5+UNqdeyIv0nZy8epAvR+YdSflvWMuuufoRVUbXxehPVtbLNXdTvlWaRlrg=="

[[package]]
name = "iproute2"
version = "6.7.0-1"
system = "archlinux"
url = "https://archive.archlinux.org/packages/i/iproute2/iproute2-6.7.0-1-x86_64.pkg.tar.zst"
sha256 = "a706f8617181999a79d2fb7cfbdfe09f3b911fdc6042d01e0b2f8c7bbac4ce88"
signature = "iHUEABYKAB0WIQQEKYl95fO9rFN6MGltQr3RFuAGjwUCZZxdxgAKCRBtQr3RFuAGj9WUAP9LYUP8JoIE2dMEwnlLDfkvXYjFoeWF3OCOPRMfwqBo7gEA0mo/E9dthTOUB20KSfpAvu0AXifl3IJ3jop3T7aYrQY="

[[package]]
name = "jansson"
version = "2.14-2"
system = "archlinux"
url = "https://archive.archlinux.org/packages/j/jansson/jansson-2.14-2-x86_64.pkg.tar.zst"
sha256 = "de45a1cfa23faf16681b9809c4dd375549268b19dd37fe23f96ef8717ac35095"
signature = "iQEzBAABCAAdFiEEFRnVq6Zb9vwrc8dWek52CV2KUuQFAmJyQS8ACgkQek52CV2KUuSqUwf9H9g/0lroLE8fHR7G3Dcy4OILPGZPkt5HOiJBYdnhi0eWJyetHRCSFsMWiZk9HUJHoVbZH28Z3F75UQfI3cWAThSz1HzUMGvEWF/uTpOKENiwY4egQ0pA88eX6kvTt0BuCLA6JZso6VBz2kzYue4uV/B6otdStx6wf6AfDAIha1jWTButBv/pxpAcTJOp157S4Y+NO59NSn672iTm9CQxWcSSo6Bxfimu86kjceXTj/HK+aZ1onjnD7jtOjsrQOBO63thwouju8yNyD/yjeXzOw5KgsZ4c7gu0Wg10MlcM79G2EYXWFbq5/ARxBkEd49fYhDWaPriGz8bO9ri41vGUw=="

[[package]]
name = "libedit"
version = "20230828_3.1-1"
system = "archlinux"
url = "https://archive.archlinux.org/packages/l/libedit/libedit-20230828_3.1-1-x86_64.pkg.tar.zst"
sha256 = "e41d9f9d4787ecdf58e451e63b5f74dd17854d5065011f8d094994b9fd458b8c"
signature = "iQEzBAABCAAdFiEEFRnVq6Zb9vwrc8dWek52CV2KUuQFAmTwa38ACgkQek52CV2KUuTLWwf+OHcEEwEzr6+rbSMmIvuyxuYZ656pvt42P2cgGIHdlGRJEYNJtOnP3hKcD8shJzgSRNNSxHxe3385088pcSWdBd1X8aSxa2iBFrT09iAdfh7IgZE/doQmuXKuFP+sN+T0o+vTlS2QPFFymS7hax7miiThrZvzxZsxCRhbXsxf3/bW+9Z+/E/Zkk+dFR5Oj3aPLbgyNtyfCon8eyPmXg4vGgWUCowms14kiO8WT4OA5RE3UYBhnRpO5DOoIfbshoUqcXh9/3QMJoveiBdaQmbkGARSORivYednCk6kenMlEzS0ej01lqvgz4PMdZ+xPYQSe3YYebqFr55Z6+iipGjE8g=="

[[package]]
name = "libisl"
version = "0.26-1"
system = "archlinux"
url = "https://archive.archlinux.org/packages/l/libisl/libisl-0.26-1-x86_64.pkg.tar.zst"
sha256 = "b6f495748d9c877c15e47e9691e09d86139cd234e1990a97c531d8d8c9f993b3"
signature = "iNUEABYKAH0WIQQFx3danouXdAf+COadTFqhVCbaCgUCZCq2IV8UgAAAAAAuAChpc3N1ZXItZnByQG5vdGF0aW9ucy5vcGVucGdwLmZpZnRoaG9yc2VtYW4ubmV0MDVDNzc3NUE5RThCOTc3NDA3RkUwOEU2OUQ0QzVBQTE1NDI2REEwQQAKCRCdTFqhVCbaCkzKAQCFNdVbwWwjQ8+Ba+iGYklKxxlcAJoUXYPsy1OChLCUpwD+KsxGh2JyiO1aP5WOmsDBRXhqNB07z3dNBVwNL6GwNww="

[[package]]
name = "libmpc"
version = "1.3.1-1"
system = "archlinux"
url = "https://archive.archlinux.org/packages/l/libmpc/libmpc-1.3.1-1-x86_64.pkg.tar.zst"
sha256 = "a83324a476cae86887aa3e3811b2e72c31471a81be0254e379c244e2df531c1b"
signature = "iQEzBAABCAAdFiEEFRnVq6Zb9vwrc8dWek52CV2KUuQFAmOfE/EACgkQek52CV2KUuRNEwf6AkQRJ6MKo3+8qZ5DoL1AUfEbRy332+0DbmhqVAZAVR6SDYwr8yTYc5L9zWtRYA++Nh0zah4P6o3XXJISOfLLpQHGPI1jZ/1IGTJlCt0yo+KU891YfQQO95TCAa77oT9Njkxr6imF0vP5kR3PA5sEvqD0iCu69s0TQu2uzsVqigNmbWU3LVv47BrF1T+C31Oa6cRWmjDUtn2ls/jYn+BPvuCO9TyH/3d2lQ1CCM+H1cCDcxzBSmaYSVQUbM6x8YAdFKDZKEbwuiCGTwKIV5ZRar4UiiBdeuJzF0vSy51VdcZpvf30HU8VuJ2Q+mv5OfyHjt/HBCkEyn1b+XufIqb0Xg=="

[[package]]
name = "libseccomp"
version = "2.5.5-2"
system = "archlinux"
url = "https://archive.archlinux.org/packages/l/libseccomp/libseccomp-2.5.5-2-x86_64.pkg.tar.zst"
sha256 = "a431e4bcd1b93cdd41fd6e4542166a514a19f22512d66e6735c44cbf25383e0f"
signature = "iQEzBAABCAAdFiEEFRnVq6Zb9vwrc8dWek52CV2KUuQFAmWa5hAACgkQek52CV2KUuSLkggAgtCFSMy9Xlj4/NtmYr2VVRC2fC3gISok3ysJB8PsQdz211ZlqDZe1GNLL8piY8fPz7dzzgWW1Tmb1v3jIWT7RPxabMDtz2jTJDAk0X65eF6F0Oz+LughrIe6sRgoWG4AbvY59ZQ2v4ECa7DE3TluVG0UYiVLzsPcsOzunj+M0Ymp9E6XmWrZAjIPE4zyuvOA8kd6iNRCjYE7TJ8r4ijfooXVWS558J6F7AIHPqd2RW/LOmP3qS15q1WUodIP/3dNguRklyVOhvgF8/jAkybDreN29A5wXGfVn6/pba24qiYITCV2cu7O/Nad3GNBeCgJyHxtD9PYTNxQ1PDqdCoipQ=="

[[package]]
name = "licenses"
version = "20231215-2"
system = "archlinux"
url = "https://archive.archlinux.org/packages/l/licenses/licenses-20231215-2-any.pkg.tar.zst"
sha256 = "e19a40733168883e5ac0c36e1c905628c54444c23684929309e28ba722b7a8e3"
signature = "iHUEABYKAB0WIQRizHP4hOUpV7L92IObeih9mi7GCAUCZaMaJQAKCRCbeih9mi7GCKY/AP0XS/t8Lybc202kbN/pmB+bMvFByFFDCXYDBM1BPY1uyQD/aSApM0PByx+5fiNTLmdlxp9zPdeD2jpztXllHpZaYAw="

[[package]]
name = "llvm-libs"
version = "16.0.6-1"
system = "archlinux"
url = "https://archive.archlinux.org/packages/l/llvm-libs/llvm-libs-16.0.6-1-x86_64.pkg.tar.zst"
sha256 = "156a44aa81be475fec8bcb96f6a5b68a1b3e9d27304caf03f79386565679bf75"
signature = "iQEzBAABCAAdFiEEhs/8qRjPOvRxR1iAUeixSKmZnDQFAmTfjB0ACgkQUeixSKmZnDQFBAf+IXPoe66l3tJD8buJN6S8oynw01J7OcqyhESgkZ6V56hBHjbbWNAhe0e6B30FABZWAXUveihA8yr8kuJJhpalDjfrEPG5rZ69ugpGlhmBhVF58Ao1RtYWBy3khhGjAnN8fC4g0JTYDUB5zkqbxN6f7k/WHQbeZQUvl+DPlpmuXL1hILBSiPzKd6FooYAVLq0yOfXmMvq8OpW7QTlRcvYErdNc1eCnvKBqvs4+JfIkPdFW3L3MUMR7SF/qddc03ti9eRXfXw6HCgfYU+j1nB1nZcOaGwZHNV+mAaFQsb7Y194BZ18LFNvatYP4D4dpAXdsFyvp5ACWo1szuxa1hQEs+w=="

[[package]]
name = "lz4"
version = "1:1.9.4-2"
system = "archlinux"
url = "https://archive.archlinux.org/packages/l/lz4/lz4-1:1.9.4-2-x86_64.pkg.tar.zst"
sha256 = "f0c925a71ca02019e54b90deee10a84e6b97661115f6bf005a0c5fb553973fb0"
signature = "iQIzBAABCAAdFiEEj8FaBklQqZ3RvRTdOeS4d+YuuRUFAmWJfNwACgkQOeS4d+YuuRXrrRAAtx3ZQC/tX00UzypT7MYAnR3JI4AO3UCay24lWFcrDjn/FC6qftP3Letc/t1jzTLBxKCp5kETFQ5OTznn78tC1IHee/tYZTNmZHeNm0sfhQ/cYjFwqu8plp/xerYPPou6tFNeVCCvxWTTYsUgKGlJRn9S69qteNJY4pfJEWDA5QRgWjGYuWGoP1W1q+AHXy9h1MPMTVj6/5mWCBA5eo2qMof37iKkFspdcVza8VSF/HDG3OUU+xsPz6IroGT0SaA81pzmSJmyhIGouqzDKO2PG9RfnaI83PcM+WGl/5Np7tpUy9M5bQTanCRXWC92cMSPaE2PyQSNNNzKF9LAifH1QKel6At36fCOeuxnfZ107VTXoFmfS802pGuAyy0sQfbpuVemy87B0INwKvtnhEeh3MbfC1GdV/VO/876nGQbTEBv+SkC5Uj+7vUKBoM4XM+AmI49GMPj1pcS9qfC8YdVsJeGit6Ow7DMZdzIs9Ex9O1CJNjqYPRV8a0/TvEyVckrXz31DUeT3ckLz7P+pcwTP1atuiQmcxeQeJwjvsRkH+zvc75aOB72f/RqYgz2Xea1g1MCzXKuMrAvinJvCWinu7kzCEGv0lIyaLNXQdoRX0udVep6kkT1ovLhVBOmHOcL8XJxhLQoN74SEQ76uRiYsEcMTtvJ35cHjtMqwbX3B3Q="

[[package]]
name = "make"
version = "4.4.1-2"
system = "archlinux"
url = "https://archive.archlinux.org/packages/m/make/make-4.4.1-2-x86_64.pkg.tar.zst"
sha256 = "7c1bc0d882f7c8d1bcb305eb7efaabc19ed6afa5a9a443575fa0d5ed57985535"
signature = "iHUEABYKAB0WIQSZH24/B2XPYpWIhYYTmwnaW/DTOAUCZBT0lQAKCRATmwnaW/DTOKwJAP9/kfT3rO0NhbD8wuI6ajzjyKtrl4SfuU0yu/PKByXQOgD/aYSvsyXylJhCadU2smO4LbP2Vj9fnIvEwPvbXbesVQ0="

[[package]]
name = "musl"
version = "1.2.4-1"
system = "archlinux"
url = "https://archive.archlinux.org/packages/m/musl/musl-1.2.4-1-x86_64.pkg.tar.zst"
sha256 = "f585ddabdfde5a29b88193827ccc597f74feb878723da9ce813d882c956e19b0"
signature = "iQJLBAABCAA1FiEEiee5MxxK59f699MFwTIpOVS75K0FAmRRZ5gXHHNwdXB5a2luQGFyY2hsaW51eC5vcmcACgkQwTIpOVS75K1VGhAAwoRqJgoycDFQInlZtrXoreYRhFdIJhknGCtsAWgGvYY5CDrEXQwUR3zHpYahzka6CbAv8aZdL67CIZELQ55f22xFyAIyeBLGl21QsI/A3Isom9+IVrOOsIc1+Z5LNp1LTZkAPiK1j06NWkaRpzL6NaFeUf2ziq8q/3lDfXaalyTmy6hV29ZMp8Gsa0gcsCtremCNJXVRwOB5/Hs9a0YJwOheNHuqEc6Md08N5rrE+HkTxMJB62FZn9ta1UqpejnvLBr5Q5yNKFsDuc67ZY6AIBlS/x2iyPDidvzbULj+5fs+4wllkK0svUCUHcKjBjFazCMX+bzS80EymuyzB4dkPxAxJ2/RVsXvFkhquKzAcFEOyZ/CiJiaRfeTZHzcmA1u6tjcl2wopc886wJgX08YqJrlXNQ5jbgo3jkHCUWlVYau7IF9pb+cekgPX6ut+n4ZzZUbaP0yahmzZq5gPsdHf0uKQoVjgxxGhWz6mrllpy/EeKVks0bj/fiHE9Czn0naLoaO5Y5ww25lg3DrAW3GfgTepRW0aXEoecDM9izGkw8D+BqUyV79z7qE5El/ndymyL8dOxzIFIMNFJePzg2E/Av7inXMV3H6gFs6Tw/LmbzQVi/RRO6k4Bill3Md9udh+0waEa70Gs9n2dxNN4C8R1ubeA2yDzQim0ua8caOmT0="

[[package]]
name = "rust"
version = "1:1.75.0-1"
system = "archlinux"
url = "https://archive.archlinux.org/packages/r/rust/rust-1:1.75.0-1-x86_64.pkg.tar.zst"
sha256 = "7a9a1cef2e30d0bf0738ea1eebc22ec0b43b6288c961ce656b3953a96b8acd20"
signature = "iHUEABYKAB0WIQSDvIiJNRtd67toQW64rAhgDxCM3wUCZZIa0wAKCRC4rAhgDxCM31EpAQCNQugUCXhC2Gg07Df3Nn9z9ZNJ6YVD3MdMCNM7ZddlCAEA0cPhfhDlG++loE9nfOw7/3ta7bCsSfMo2Clkv8c01wM="

[[package]]
name = "rust-musl"
version = "1:1.75.0-1"
system = "archlinux"
url = "https://archive.archlinux.org/packages/r/rust-musl/rust-musl-1:1.75.0-1-x86_64.pkg.tar.zst"
sha256 = "92e7f999befbcfd66e657b3fe9cad0d7edb87cb09e8decc8cdc6b17dd9f9188e"
signature = "iHUEABYKAB0WIQSDvIiJNRtd67toQW64rAhgDxCM3wUCZZIa1AAKCRC4rAhgDxCM3zqpAQDRTcXtyNHDUPqmdhyB4azqzp14f5KT+tjveECZEzsBNQD9HuzKGmnwG8cU8jMtcIUyl+IWJYxOYZutg+xQR4F37Q8="

[[package]]
name = "systemd"
version = "255.2-2"
system = "archlinux"
url = "https://archive.archlinux.org/packages/s/systemd/systemd-255.2-2-x86_64.pkg.tar.zst"
sha256 = "664616527c13ac36dc98fe600373e2addd900cc658677481b88606d5b6e2b3a4"
signature = "iHUEABYKAB0WIQSDvIiJNRtd67toQW64rAhgDxCM3wUCZZgtjwAKCRC4rAhgDxCM392cAP99ZPXwKG1uSwbelQ4Q1yFfVdJufuqNqzP9lNX2jZkibQD/Y4dp5yfLD/ZBWljJj70lu84hTOqJaQjrcUEluAdorgY="

[[package]]
name = "systemd-libs"
version = "255.2-2"
system = "archlinux"
url = "https://archive.archlinux.org/packages/s/systemd-libs/systemd-libs-255.2-2-x86_64.pkg.tar.zst"
sha256 = "55ff4b9cc8985da48c1a4d19740a8c1f992f94e02310f1ca5e92c8c49ba25876"
signature = "iHUEABYKAB0WIQSDvIiJNRtd67toQW64rAhgDxCM3wUCZZgtkAAKCRC4rAhgDxCM32/KAP9s/qJcs+goh1Nu+GXZ7vnYgvIJEUZPOO5LAFWYhV7NFwD8DHX4ddc/2YGS5x2yVWxvK8ijmFyfcojsKPmhCopg2w0="

[[package]]
name = "systemd-sysvcompat"
version = "255.2-2"
system = "archlinux"
url = "https://archive.archlinux.org/packages/s/systemd-sysvcompat/systemd-sysvcompat-255.2-2-x86_64.pkg.tar.zst"
sha256 = "4dd9a791d6715bc2eb7ee35701ef01def58c33448db441eec1d779a59a50d522"
signature = "iHUEABYKAB0WIQSDvIiJNRtd67toQW64rAhgDxCM3wUCZZgtkQAKCRC4rAhgDxCM3/9NAQDKEljyklNljVuLQmi2I55A/finwLe6dvrltdxZ7ZLqywEA2rmxnho0JXOjArHlm9xSRPHZXkLh8Vxn4SrJy2ATDg4="
